
Microsoft Visual Studio Solution File, Format Version 12.00
# Visual Studio Version 17
VisualStudioVersion = 17.8.34330.188
MinimumVisualStudioVersion = 10.0.40219.1
Project("{9A19103F-16F7-4668-BE54-9A1E7A4F7556}") = "WebApiSistemaGestion", "WebApiSistemaGestion\WebApiSistemaGestion.csproj", "{C861BD60-E1CB-4EA4-AFF0-4FE9C8F4BFB3}"
EndProject
Global
	GlobalSection(SolutionConfigurationPlatforms) = preSolution
		Debug|Any CPU = Debug|Any CPU
		Release|Any CPU = Release|Any CPU
	EndGlobalSection
	GlobalSection(ProjectConfigurationPlatforms) = postSolution
		{C861BD60-E1CB-4EA4-AFF0-4FE9C8F4BFB3}.Debug|Any CPU.ActiveCfg = Debug|Any CPU
		{C861BD60-E1CB-4EA4-AFF0-4FE9C8F4BFB3}.Debug|Any CPU.Build.0 = Debug|Any CPU
		{C861BD60-E1CB-4EA4-AFF0-4FE9C8F4BFB3}.Release|Any CPU.ActiveCfg = Release|Any CPU
		{C861BD60-E1CB-4EA4-AFF0-4FE9C8F4BFB3}.Release|Any CPU.Build.0 = Release|Any CPU
	EndGlobalSection
	GlobalSection(SolutionProperties) = preSolution
		HideSolutionNode = FALSE
	EndGlobalSection
	GlobalSection(ExtensibilityGlobals) = postSolution
		SolutionGuid = {096A2DA4-4975-4380-A738-D8CA46388781}
	EndGlobalSection
EndGlobal
